
Microsoft Visual Studio Solution File, Format Version 12.00
Project("{FAE04EC0-301F-11D3-BF4B-00C04F79EFBC}") = "uclip", "uclip\uclip.csproj", "{42761201-31A6-4C41-8E75-086909A9446D}"
EndProject
Project("{FAE04EC0-301F-11D3-BF4B-00C04F79EFBC}") = "uclipw", "uclipw\uclipw.csproj", "{80781B7A-CCE9-40C0-B279-45158ACDCDF9}"
EndProject
Global
	GlobalSection(SolutionConfigurationPlatforms) = preSolution
		Debug|Any CPU = Debug|Any CPU
		Release|Any CPU = Release|Any CPU
	EndGlobalSection
	GlobalSection(ProjectConfigurationPlatforms) = postSolution
		{42761201-31A6-4C41-8E75-086909A9446D}.Debug|Any CPU.ActiveCfg = Debug|Any CPU
		{42761201-31A6-4C41-8E75-086909A9446D}.Debug|Any CPU.Build.0 = Debug|Any CPU
		{42761201-31A6-4C41-8E75-086909A9446D}.Release|Any CPU.ActiveCfg = Release|Any CPU
		{42761201-31A6-4C41-8E75-086909A9446D}.Release|Any CPU.Build.0 = Release|Any CPU
		{80781B7A-CCE9-40C0-B279-45158ACDCDF9}.Debug|Any CPU.ActiveCfg = Debug|Any CPU
		{80781B7A-CCE9-40C0-B279-45158ACDCDF9}.Debug|Any CPU.Build.0 = Debug|Any CPU
		{80781B7A-CCE9-40C0-B279-45158ACDCDF9}.Release|Any CPU.ActiveCfg = Release|Any CPU
		{80781B7A-CCE9-40C0-B279-45158ACDCDF9}.Release|Any CPU.Build.0 = Release|Any CPU
	EndGlobalSection
EndGlobal
